
Microsoft Visual Studio Solution File, Format Version 12.00
# Visual Studio Version 16
VisualStudioVersion = 16.0.29411.108
MinimumVisualStudioVersion = 10.0.40219.1
Project("{9A19103F-16F7-4668-BE54-9A1E7A4F7556}") = "Watchables.WebAPI", "Watchables.WebAPI\Watchables.WebAPI.csproj", "{8463C8B4-9D21-43F3-BAE4-0487229E37A6}"
EndProject
Project("{9A19103F-16F7-4668-BE54-9A1E7A4F7556}") = "Watchables.Model", "Watchables.Model\Watchables.Model.csproj", "{8B949A9F-2C83-4100-8E37-817B435CB144}"
EndProject
Project("{2150E333-8FDC-42A3-9474-1A3956D46DE8}") = "UI", "UI", "{F9B847A9-B77A-417C-9A0D-C764EF829B55}"
EndProject
Project("{FAE04EC0-301F-11D3-BF4B-00C04F79EFBC}") = "Watchables.WinUI", "Watchables.WinUI\Watchables.WinUI.csproj", "{53704216-1DC9-42C2-9864-C621C70F11BE}"
EndProject
Project("{FAE04EC0-301F-11D3-BF4B-00C04F79EFBC}") = "Watchables.Mobile.UWP", "Watchables.Mobile\Watchables.Mobile.UWP\Watchables.Mobile.UWP.csproj", "{E9E13E90-F000-4E9E-8011-40697B4535D8}"
EndProject
Project("{FAE04EC0-301F-11D3-BF4B-00C04F79EFBC}") = "Watchables.Mobile.Android", "Watchables.Mobile\Watchables.Mobile.Android\Watchables.Mobile.Android.csproj", "{815711B1-2AEC-4A6B-A9AD-6626B5003198}"
EndProject
Project("{FAE04EC0-301F-11D3-BF4B-00C04F79EFBC}") = "Watchables.Mobile.iOS", "Watchables.Mobile\Watchables.Mobile.iOS\Watchables.Mobile.iOS.csproj", "{28B1E8CA-5161-47C9-AA81-88BF0323BB86}"
EndProject
Project("{FAE04EC0-301F-11D3-BF4B-00C04F79EFBC}") = "Watchables.Mobile", "Watchables.Mobile\Watchables.Mobile\Watchables.Mobile.csproj", "{5659823D-F669-47C9-8C76-F2C0D5DDC477}"
EndProject
Project("{2150E333-8FDC-42A3-9474-1A3956D46DE8}") = "Mobile", "Mobile", "{184F32B4-2E41-4E4B-A613-63BA3EEEBE0F}"
EndProject
Project("{2150E333-8FDC-42A3-9474-1A3956D46DE8}") = "Desktop", "Desktop", "{E96684CE-7AC8-4A06-AA1E-E8DB434065D3}"
EndProject
Global
	GlobalSection(SolutionConfigurationPlatforms) = preSolution
		Debug|Any CPU = Debug|Any CPU
		Debug|ARM = Debug|ARM
		Debug|iPhone = Debug|iPhone
		Debug|iPhoneSimulator = Debug|iPhoneSimulator
		Debug|x64 = Debug|x64
		Debug|x86 = Debug|x86
		Release|Any CPU = Release|Any CPU
		Release|ARM = Release|ARM
		Release|iPhone = Release|iPhone
		Release|iPhoneSimulator = Release|iPhoneSimulator
		Release|x64 = Release|x64
		Release|x86 = Release|x86
	EndGlobalSection
	GlobalSection(ProjectConfigurationPlatforms) = postSolution
		{8463C8B4-9D21-43F3-BAE4-0487229E37A6}.Debug|Any CPU.ActiveCfg = Debug|Any CPU
		{8463C8B4-9D21-43F3-BAE4-0487229E37A6}.Debug|Any CPU.Build.0 = Debug|Any CPU
		{8463C8B4-9D21-43F3-BAE4-0487229E37A6}.Debug|ARM.ActiveCfg = Debug|Any CPU
		{8463C8B4-9D21-43F3-BAE4-0487229E37A6}.Debug|ARM.Build.0 = Debug|Any CPU
		{8463C8B4-9D21-43F3-BAE4-0487229E37A6}.Debug|iPhone.ActiveCfg = Debug|Any CPU
		{8463C8B4-9D21-43F3-BAE4-0487229E37A6}.Debug|iPhone.Build.0 = Debug|Any CPU
		{8463C8B4-9D21-43F3-BAE4-0487229E37A6}.Debug|iPhoneSimulator.ActiveCfg = Debug|Any CPU
		{8463C8B4-9D21-43F3-BAE4-0487229E37A6}.Debug|iPhoneSimulator.Build.0 = Debug|Any CPU
		{8463C8B4-9D21-43F3-BAE4-0487229E37A6}.Debug|x64.ActiveCfg = Debug|Any CPU
		{8463C8B4-9D21-43F3-BAE4-0487229E37A6}.Debug|x64.Build.0 = Debug|Any CPU
		{8463C8B4-9D21-43F3-BAE4-0487229E37A6}.Debug|x86.ActiveCfg = Debug|Any CPU
		{8463C8B4-9D21-43F3-BAE4-0487229E37A6}.Debug|x86.Build.0 = Debug|Any CPU
		{8463C8B4-9D21-43F3-BAE4-0487229E37A6}.Release|Any CPU.ActiveCfg = Release|Any CPU
		{8463C8B4-9D21-43F3-BAE4-0487229E37A6}.Release|Any CPU.Build.0 = Release|Any CPU
		{8463C8B4-9D21-43F3-BAE4-0487229E37A6}.Release|ARM.ActiveCfg = Release|Any CPU
		{8463C8B4-9D21-43F3-BAE4-0487229E37A6}.Release|ARM.Build.0 = Release|Any CPU
		{8463C8B4-9D21-43F3-BAE4-0487229E37A6}.Release|iPhone.ActiveCfg = Release|Any CPU
		{8463C8B4-9D21-43F3-BAE4-0487229E37A6}.Release|iPhone.Build.0 = Release|Any CPU
		{8463C8B4-9D21-43F3-BAE4-0487229E37A6}.Release|iPhoneSimulator.ActiveCfg = Release|Any CPU
		{8463C8B4-9D21-43F3-BAE4-0487229E37A6}.Release|iPhoneSimulator.Build.0 = Release|Any CPU
		{8463C8B4-9D21-43F3-BAE4-0487229E37A6}.Release|x64.ActiveCfg = Release|Any CPU
		{8463C8B4-9D21-43F3-BAE4-0487229E37A6}.Release|x64.Build.0 = Release|Any CPU
		{8463C8B4-9D21-43F3-BAE4-0487229E37A6}.Release|x86.ActiveCfg = Release|Any CPU
		{8463C8B4-9D21-43F3-BAE4-0487229E37A6}.Release|x86.Build.0 = Release|Any CPU
		{8B949A9F-2C83-4100-8E37-817B435CB144}.Debug|Any CPU.ActiveCfg = Debug|Any CPU
		{8B949A9F-2C83-4100-8E37-817B435CB144}.Debug|Any CPU.Build.0 = Debug|Any CPU
		{8B949A9F-2C83-4100-8E37-817B435CB144}.Debug|ARM.ActiveCfg = Debug|Any CPU
		{8B949A9F-2C83-4100-8E37-817B435CB144}.Debug|ARM.Build.0 = Debug|Any CPU
		{8B949A9F-2C83-4100-8E37-817B435CB144}.Debug|iPhone.ActiveCfg = Debug|Any CPU
		{8B949A9F-2C83-4100-8E37-817B435CB144}.Debug|iPhone.Build.0 = Debug|Any CPU
		{8B949A9F-2C83-4100-8E37-817B435CB144}.Debug|iPhoneSimulator.ActiveCfg = Debug|Any CPU
		{8B949A9F-2C83-4100-8E37-817B435CB144}.Debug|iPhoneSimulator.Build.0 = Debug|Any CPU
		{8B949A9F-2C83-4100-8E37-817B435CB144}.Debug|x64.ActiveCfg = Debug|Any CPU
		{8B949A9F-2C83-4100-8E37-817B435CB144}.Debug|x64.Build.0 = Debug|Any CPU
		{8B949A9F-2C83-4100-8E37-817B435CB144}.Debug|x86.ActiveCfg = Debug|Any CPU
		{8B949A9F-2C83-4100-8E37-817B435CB144}.Debug|x86.Build.0 = Debug|Any CPU
		{8B949A9F-2C83-4100-8E37-817B435CB144}.Release|Any CPU.ActiveCfg = Release|Any CPU
		{8B949A9F-2C83-4100-8E37-817B435CB144}.Release|Any CPU.Build.0 = Release|Any CPU
		{8B949A9F-2C83-4100-8E37-817B435CB144}.Release|ARM.ActiveCfg = Release|Any CPU
		{8B949A9F-2C83-4100-8E37-817B435CB144}.Release|ARM.Build.0 = Release|Any CPU
		{8B949A9F-2C83-4100-8E37-817B435CB144}.Release|iPhone.ActiveCfg = Release|Any CPU
		{8B949A9F-2C83-4100-8E37-817B435CB144}.Release|iPhone.Build.0 = Release|Any CPU
		{8B949A9F-2C83-4100-8E37-817B435CB144}.Release|iPhoneSimulator.ActiveCfg = Release|Any CPU
		{8B949A9F-2C83-4100-8E37-817B435CB144}.Release|iPhoneSimulator.Build.0 = Release|Any CPU
		{8B949A9F-2C83-4100-8E37-817B435CB144}.Release|x64.ActiveCfg = Release|Any CPU
		{8B949A9F-2C83-4100-8E37-817B435CB144}.Release|x64.Build.0 = Release|Any CPU
		{8B949A9F-2C83-4100-8E37-817B435CB144}.Release|x86.ActiveCfg = Release|Any CPU
		{8B949A9F-2C83-4100-8E37-817B435CB144}.Release|x86.Build.0 = Release|Any CPU
		{53704216-1DC9-42C2-9864-C621C70F11BE}.Debug|Any CPU.ActiveCfg = Debug|Any CPU
		{53704216-1DC9-42C2-9864-C621C70F11BE}.Debug|Any CPU.Build.0 = Debug|Any CPU
		{53704216-1DC9-42C2-9864-C621C70F11BE}.Debug|ARM.ActiveCfg = Debug|Any CPU
		{53704216-1DC9-42C2-9864-C621C70F11BE}.Debug|ARM.Build.0 = Debug|Any CPU
		{53704216-1DC9-42C2-9864-C621C70F11BE}.Debug|iPhone.ActiveCfg = Debug|Any CPU
		{53704216-1DC9-42C2-9864-C621C70F11BE}.Debug|iPhone.Build.0 = Debug|Any CPU
		{53704216-1DC9-42C2-9864-C621C70F11BE}.Debug|iPhoneSimulator.ActiveCfg = Debug|Any CPU
		{53704216-1DC9-42C2-9864-C621C70F11BE}.Debug|iPhoneSimulator.Build.0 = Debug|Any CPU
		{53704216-1DC9-42C2-9864-C621C70F11BE}.Debug|x64.ActiveCfg = Debug|Any CPU
		{53704216-1DC9-42C2-9864-C621C70F11BE}.Debug|x64.Build.0 = Debug|Any CPU
		{53704216-1DC9-42C2-9864-C621C70F11BE}.Debug|x86.ActiveCfg = Debug|Any CPU
		{53704216-1DC9-42C2-9864-C621C70F11BE}.Debug|x86.Build.0 = Debug|Any CPU
		{53704216-1DC9-42C2-9864-C621C70F11BE}.Release|Any CPU.ActiveCfg = Release|Any CPU
		{53704216-1DC9-42C2-9864-C621C70F11BE}.Release|Any CPU.Build.0 = Release|Any CPU
		{53704216-1DC9-42C2-9864-C621C70F11BE}.Release|ARM.ActiveCfg = Release|Any CPU
		{53704216-1DC9-42C2-9864-C621C70F11BE}.Release|ARM.Build.0 = Release|Any CPU
		{53704216-1DC9-42C2-9864-C621C70F11BE}.Release|iPhone.ActiveCfg = Release|Any CPU
		{53704216-1DC9-42C2-9864-C621C70F11BE}.Release|iPhone.Build.0 = Release|Any CPU
		{53704216-1DC9-42C2-9864-C621C70F11BE}.Release|iPhoneSimulator.ActiveCfg = Release|Any CPU
		{53704216-1DC9-42C2-9864-C621C70F11BE}.Release|iPhoneSimulator.Build.0 = Release|Any CPU
		{53704216-1DC9-42C2-9864-C621C70F11BE}.Release|x64.ActiveCfg = Release|Any CPU
		{53704216-1DC9-42C2-9864-C621C70F11BE}.Release|x64.Build.0 = Release|Any CPU
		{53704216-1DC9-42C2-9864-C621C70F11BE}.Release|x86.ActiveCfg = Release|Any CPU
		{53704216-1DC9-42C2-9864-C621C70F11BE}.Release|x86.Build.0 = Release|Any CPU
		{E9E13E90-F000-4E9E-8011-40697B4535D8}.Debug|Any CPU.ActiveCfg = Debug|x86
		{E9E13E90-F000-4E9E-8011-40697B4535D8}.Debug|ARM.ActiveCfg = Debug|ARM
		{E9E13E90-F000-4E9E-8011-40697B4535D8}.Debug|ARM.Build.0 = Debug|ARM
		{E9E13E90-F000-4E9E-8011-40697B4535D8}.Debug|ARM.Deploy.0 = Debug|ARM
		{E9E13E90-F000-4E9E-8011-40697B4535D8}.Debug|iPhone.ActiveCfg = Debug|x86
		{E9E13E90-F000-4E9E-8011-40697B4535D8}.Debug|iPhoneSimulator.ActiveCfg = Debug|x86
		{E9E13E90-F000-4E9E-8011-40697B4535D8}.Debug|x64.ActiveCfg = Debug|x64
		{E9E13E90-F000-4E9E-8011-40697B4535D8}.Debug|x64.Build.0 = Debug|x64
		{E9E13E90-F000-4E9E-8011-40697B4535D8}.Debug|x64.Deploy.0 = Debug|x64
		{E9E13E90-F000-4E9E-8011-40697B4535D8}.Debug|x86.ActiveCfg = Debug|x86
		{E9E13E90-F000-4E9E-8011-40697B4535D8}.Debug|x86.Build.0 = Debug|x86
		{E9E13E90-F000-4E9E-8011-40697B4535D8}.Debug|x86.Deploy.0 = Debug|x86
		{E9E13E90-F000-4E9E-8011-40697B4535D8}.Release|Any CPU.ActiveCfg = Release|x86
		{E9E13E90-F000-4E9E-8011-40697B4535D8}.Release|ARM.ActiveCfg = Release|ARM
		{E9E13E90-F000-4E9E-8011-40697B4535D8}.Release|ARM.Build.0 = Release|ARM
		{E9E13E90-F000-4E9E-8011-40697B4535D8}.Release|ARM.Deploy.0 = Release|ARM
		{E9E13E90-F000-4E9E-8011-40697B4535D8}.Release|iPhone.ActiveCfg = Release|x86
		{E9E13E90-F000-4E9E-8011-40697B4535D8}.Release|iPhoneSimulator.ActiveCfg = Release|x86
		{E9E13E90-F000-4E9E-8011-40697B4535D8}.Release|x64.ActiveCfg = Release|x64
		{E9E13E90-F000-4E9E-8011-40697B4535D8}.Release|x64.Build.0 = Release|x64
		{E9E13E90-F000-4E9E-8011-40697B4535D8}.Release|x64.Deploy.0 = Release|x64
		{E9E13E90-F000-4E9E-8011-40697B4535D8}.Release|x86.ActiveCfg = Release|x86
		{E9E13E90-F000-4E9E-8011-40697B4535D8}.Release|x86.Build.0 = Release|x86
		{E9E13E90-F000-4E9E-8011-40697B4535D8}.Release|x86.Deploy.0 = Release|x86
		{815711B1-2AEC-4A6B-A9AD-6626B5003198}.Debug|Any CPU.ActiveCfg = Debug|Any CPU
		{815711B1-2AEC-4A6B-A9AD-6626B5003198}.Debug|Any CPU.Build.0 = Debug|Any CPU
		{815711B1-2AEC-4A6B-A9AD-6626B5003198}.Debug|Any CPU.Deploy.0 = Debug|Any CPU
		{815711B1-2AEC-4A6B-A9AD-6626B5003198}.Debug|ARM.ActiveCfg = Debug|Any CPU
		{815711B1-2AEC-4A6B-A9AD-6626B5003198}.Debug|ARM.Build.0 = Debug|Any CPU
		{815711B1-2AEC-4A6B-A9AD-6626B5003198}.Debug|ARM.Deploy.0 = Debug|Any CPU
		{815711B1-2AEC-4A6B-A9AD-6626B5003198}.Debug|iPhone.ActiveCfg = Debug|Any CPU
		{815711B1-2AEC-4A6B-A9AD-6626B5003198}.Debug|iPhone.Build.0 = Debug|Any CPU
		{815711B1-2AEC-4A6B-A9AD-6626B5003198}.Debug|iPhone.Deploy.0 = Debug|Any CPU
		{815711B1-2AEC-4A6B-A9AD-6626B5003198}.Debug|iPhoneSimulator.ActiveCfg = Debug|Any CPU
		{815711B1-2AEC-4A6B-A9AD-6626B5003198}.Debug|iPhoneSimulator.Build.0 = Debug|Any CPU
		{815711B1-2AEC-4A6B-A9AD-6626B5003198}.Debug|iPhoneSimulator.Deploy.0 = Debug|Any CPU
		{815711B1-2AEC-4A6B-A9AD-6626B5003198}.Debug|x64.ActiveCfg = Debug|Any CPU
		{815711B1-2AEC-4A6B-A9AD-6626B5003198}.Debug|x64.Build.0 = Debug|Any CPU
		{815711B1-2AEC-4A6B-A9AD-6626B5003198}.Debug|x64.Deploy.0 = Debug|Any CPU
		{815711B1-2AEC-4A6B-A9AD-6626B5003198}.Debug|x86.ActiveCfg = Debug|Any CPU
		{815711B1-2AEC-4A6B-A9AD-6626B5003198}.Debug|x86.Build.0 = Debug|Any CPU
		{815711B1-2AEC-4A6B-A9AD-6626B5003198}.Debug|x86.Deploy.0 = Debug|Any CPU
		{815711B1-2AEC-4A6B-A9AD-6626B5003198}.Release|Any CPU.ActiveCfg = Release|Any CPU
		{815711B1-2AEC-4A6B-A9AD-6626B5003198}.Release|Any CPU.Build.0 = Release|Any CPU
		{815711B1-2AEC-4A6B-A9AD-6626B5003198}.Release|Any CPU.Deploy.0 = Release|Any CPU
		{815711B1-2AEC-4A6B-A9AD-6626B5003198}.Release|ARM.ActiveCfg = Release|Any CPU
		{815711B1-2AEC-4A6B-A9AD-6626B5003198}.Release|ARM.Build.0 = Release|Any CPU
		{815711B1-2AEC-4A6B-A9AD-6626B5003198}.Release|ARM.Deploy.0 = Release|Any CPU
		{815711B1-2AEC-4A6B-A9AD-6626B5003198}.Release|iPhone.ActiveCfg = Release|Any CPU
		{815711B1-2AEC-4A6B-A9AD-6626B5003198}.Release|iPhone.Build.0 = Release|Any CPU
		{815711B1-2AEC-4A6B-A9AD-6626B5003198}.Release|iPhone.Deploy.0 = Release|Any CPU
		{815711B1-2AEC-4A6B-A9AD-6626B5003198}.Release|iPhoneSimulator.ActiveCfg = Release|Any CPU
		{815711B1-2AEC-4A6B-A9AD-6626B5003198}.Release|iPhoneSimulator.Build.0 = Release|Any CPU
		{815711B1-2AEC-4A6B-A9AD-6626B5003198}.Release|iPhoneSimulator.Deploy.0 = Release|Any CPU
		{815711B1-2AEC-4A6B-A9AD-6626B5003198}.Release|x64.ActiveCfg = Release|Any CPU
		{815711B1-2AEC-4A6B-A9AD-6626B5003198}.Release|x64.Build.0 = Release|Any CPU
		{815711B1-2AEC-4A6B-A9AD-6626B5003198}.Release|x64.Deploy.0 = Release|Any CPU
		{815711B1-2AEC-4A6B-A9AD-6626B5003198}.Release|x86.ActiveCfg = Release|Any CPU
		{815711B1-2AEC-4A6B-A9AD-6626B5003198}.Release|x86.Build.0 = Release|Any CPU
		{815711B1-2AEC-4A6B-A9AD-6626B5003198}.Release|x86.Deploy.0 = Release|Any CPU
		{28B1E8CA-5161-47C9-AA81-88BF0323BB86}.Debug|Any CPU.ActiveCfg = Debug|iPhone
		{28B1E8CA-5161-47C9-AA81-88BF0323BB86}.Debug|ARM.ActiveCfg = Debug|iPhone
		{28B1E8CA-5161-47C9-AA81-88BF0323BB86}.Debug|iPhone.ActiveCfg = Debug|iPhone
		{28B1E8CA-5161-47C9-AA81-88BF0323BB86}.Debug|iPhone.Build.0 = Debug|iPhone
		{28B1E8CA-5161-47C9-AA81-88BF0323BB86}.Debug|iPhoneSimulator.ActiveCfg = Debug|iPhoneSimulator
		{28B1E8CA-5161-47C9-AA81-88BF0323BB86}.Debug|iPhoneSimulator.Build.0 = Debug|iPhoneSimulator
		{28B1E8CA-5161-47C9-AA81-88BF0323BB86}.Debug|x64.ActiveCfg = Debug|iPhone
		{28B1E8CA-5161-47C9-AA81-88BF0323BB86}.Debug|x86.ActiveCfg = Debug|iPhone
		{28B1E8CA-5161-47C9-AA81-88BF0323BB86}.Release|Any CPU.ActiveCfg = Release|iPhone
		{28B1E8CA-5161-47C9-AA81-88BF0323BB86}.Release|ARM.ActiveCfg = Release|iPhone
		{28B1E8CA-5161-47C9-AA81-88BF0323BB86}.Release|iPhone.ActiveCfg = Release|iPhone
		{28B1E8CA-5161-47C9-AA81-88BF0323BB86}.Release|iPhone.Build.0 = Release|iPhone
		{28B1E8CA-5161-47C9-AA81-88BF0323BB86}.Release|iPhoneSimulator.ActiveCfg = Release|iPhoneSimulator
		{28B1E8CA-5161-47C9-AA81-88BF0323BB86}.Release|iPhoneSimulator.Build.0 = Release|iPhoneSimulator
		{28B1E8CA-5161-47C9-AA81-88BF0323BB86}.Release|x64.ActiveCfg = Release|iPhone
		{28B1E8CA-5161-47C9-AA81-88BF0323BB86}.Release|x86.ActiveCfg = Release|iPhone
		{5659823D-F669-47C9-8C76-F2C0D5DDC477}.Debug|Any CPU.ActiveCfg = Debug|Any CPU
		{5659823D-F669-47C9-8C76-F2C0D5DDC477}.Debug|Any CPU.Build.0 = Debug|Any CPU
		{5659823D-F669-47C9-8C76-F2C0D5DDC477}.Debug|ARM.ActiveCfg = Debug|Any CPU
		{5659823D-F669-47C9-8C76-F2C0D5DDC477}.Debug|ARM.Build.0 = Debug|Any CPU
		{5659823D-F669-47C9-8C76-F2C0D5DDC477}.Debug|iPhone.ActiveCfg = Debug|Any CPU
		{5659823D-F669-47C9-8C76-F2C0D5DDC477}.Debug|iPhone.Build.0 = Debug|Any CPU
		{5659823D-F669-47C9-8C76-F2C0D5DDC477}.Debug|iPhoneSimulator.ActiveCfg = Debug|Any CPU
		{5659823D-F669-47C9-8C76-F2C0D5DDC477}.Debug|iPhoneSimulator.Build.0 = Debug|Any CPU
		{5659823D-F669-47C9-8C76-F2C0D5DDC477}.Debug|x64.ActiveCfg = Debug|Any CPU
		{5659823D-F669-47C9-8C76-F2C0D5DDC477}.Debug|x64.Build.0 = Debug|Any CPU
		{5659823D-F669-47C9-8C76-F2C0D5DDC477}.Debug|x86.ActiveCfg = Debug|Any CPU
		{5659823D-F669-47C9-8C76-F2C0D5DDC477}.Debug|x86.Build.0 = Debug|Any CPU
		{5659823D-F669-47C9-8C76-F2C0D5DDC477}.Release|Any CPU.ActiveCfg = Release|Any CPU
		{5659823D-F669-47C9-8C76-F2C0D5DDC477}.Release|Any CPU.Build.0 = Release|Any CPU
		{5659823D-F669-47C9-8C76-F2C0D5DDC477}.Release|ARM.ActiveCfg = Release|Any CPU
		{5659823D-F669-47C9-8C76-F2C0D5DDC477}.Release|ARM.Build.0 = Release|Any CPU
		{5659823D-F669-47C9-8C76-F2C0D5DDC477}.Release|iPhone.ActiveCfg = Release|Any CPU
		{5659823D-F669-47C9-8C76-F2C0D5DDC477}.Release|iPhone.Build.0 = Release|Any CPU
		{5659823D-F669-47C9-8C76-F2C0D5DDC477}.Release|iPhoneSimulator.ActiveCfg = Release|Any CPU
		{5659823D-F669-47C9-8C76-F2C0D5DDC477}.Release|iPhoneSimulator.Build.0 = Release|Any CPU
		{5659823D-F669-47C9-8C76-F2C0D5DDC477}.Release|x64.ActiveCfg = Release|Any CPU
		{5659823D-F669-47C9-8C76-F2C0D5DDC477}.Release|x64.Build.0 = Release|Any CPU
		{5659823D-F669-47C9-8C76-F2C0D5DDC477}.Release|x86.ActiveCfg = Release|Any CPU
		{5659823D-F669-47C9-8C76-F2C0D5DDC477}.Release|x86.Build.0 = Release|Any CPU
	EndGlobalSection
	GlobalSection(SolutionProperties) = preSolution
		HideSolutionNode = FALSE
	EndGlobalSection
	GlobalSection(NestedProjects) = preSolution
		{53704216-1DC9-42C2-9864-C621C70F11BE} = {E96684CE-7AC8-4A06-AA1E-E8DB434065D3}
		{E9E13E90-F000-4E9E-8011-40697B4535D8} = {184F32B4-2E41-4E4B-A613-63BA3EEEBE0F}
		{815711B1-2AEC-4A6B-A9AD-6626B5003198} = {184F32B4-2E41-4E4B-A613-63BA3EEEBE0F}
		{28B1E8CA-5161-47C9-AA81-88BF0323BB86} = {184F32B4-2E41-4E4B-A613-63BA3EEEBE0F}
		{5659823D-F669-47C9-8C76-F2C0D5DDC477} = {184F32B4-2E41-4E4B-A613-63BA3EEEBE0F}
		{184F32B4-2E41-4E4B-A613-63BA3EEEBE0F} = {F9B847A9-B77A-417C-9A0D-C764EF829B55}
		{E96684CE-7AC8-4A06-AA1E-E8DB434065D3} = {F9B847A9-B77A-417C-9A0D-C764EF829B55}
	EndGlobalSection
	GlobalSection(ExtensibilityGlobals) = postSolution
		SolutionGuid = {EFFEF8FA-323D-434E-AD74-B265DE5542FB}
	EndGlobalSection
EndGlobal
